
Microsoft Visual Studio Solution File, Format Version 12.00
Project("{FAE04EC0-301F-11D3-BF4B-00C04F79EFBC}") = "DEMORI", "DEMORI\DEMORI.csproj", "{A944DF0A-1AC0-491B-8A11-C416A3518B4B}"
EndProject
Global
	GlobalSection(SolutionConfigurationPlatforms) = preSolution
		Debug|Any CPU = Debug|Any CPU
		Release|Any CPU = Release|Any CPU
	EndGlobalSection
	GlobalSection(ProjectConfigurationPlatforms) = postSolution
		{A944DF0A-1AC0-491B-8A11-C416A3518B4B}.Debug|Any CPU.ActiveCfg = Debug|Any CPU
		{A944DF0A-1AC0-491B-8A11-C416A3518B4B}.Debug|Any CPU.Build.0 = Debug|Any CPU
		{A944DF0A-1AC0-491B-8A11-C416A3518B4B}.Release|Any CPU.ActiveCfg = Release|Any CPU
		{A944DF0A-1AC0-491B-8A11-C416A3518B4B}.Release|Any CPU.Build.0 = Release|Any CPU
	EndGlobalSection
EndGlobal
